
Microsoft Visual Studio Solution File, Format Version 12.00
# Visual Studio Version 17
VisualStudioVersion = 17.11.35208.52
MinimumVisualStudioVersion = 10.0.40219.1
Project("{FAE04EC0-301F-11D3-BF4B-00C04F79EFBC}") = "FluentAutoClicker", "FluentAutoClicker\FluentAutoClicker.csproj", "{501FE10A-7E7A-45CE-9599-967C57C66FA0}"
EndProject
Global
	GlobalSection(SolutionConfigurationPlatforms) = preSolution
		Debug|ARM64 = Debug|ARM64
		Debug|x64 = Debug|x64
		Debug|x86 = Debug|x86
		Release|ARM64 = Release|ARM64
		Release|x64 = Release|x64
		Release|x86 = Release|x86
	EndGlobalSection
	GlobalSection(ProjectConfigurationPlatforms) = postSolution
		{501FE10A-7E7A-45CE-9599-967C57C66FA0}.Debug|ARM64.ActiveCfg = Debug|ARM64
		{501FE10A-7E7A-45CE-9599-967C57C66FA0}.Debug|ARM64.Build.0 = Debug|ARM64
		{501FE10A-7E7A-45CE-9599-967C57C66FA0}.Debug|ARM64.Deploy.0 = Debug|ARM64
		{501FE10A-7E7A-45CE-9599-967C57C66FA0}.Debug|x64.ActiveCfg = Debug|x64
		{501FE10A-7E7A-45CE-9599-967C57C66FA0}.Debug|x64.Build.0 = Debug|x64
		{501FE10A-7E7A-45CE-9599-967C57C66FA0}.Debug|x64.Deploy.0 = Debug|x64
		{501FE10A-7E7A-45CE-9599-967C57C66FA0}.Debug|x86.ActiveCfg = Debug|x86
		{501FE10A-7E7A-45CE-9599-967C57C66FA0}.Debug|x86.Build.0 = Debug|x86
		{501FE10A-7E7A-45CE-9599-967C57C66FA0}.Debug|x86.Deploy.0 = Debug|x86
		{501FE10A-7E7A-45CE-9599-967C57C66FA0}.Release|ARM64.ActiveCfg = Release|ARM64
		{501FE10A-7E7A-45CE-9599-967C57C66FA0}.Release|ARM64.Build.0 = Release|ARM64
		{501FE10A-7E7A-45CE-9599-967C57C66FA0}.Release|ARM64.Deploy.0 = Release|ARM64
		{501FE10A-7E7A-45CE-9599-967C57C66FA0}.Release|x64.ActiveCfg = Release|x64
		{501FE10A-7E7A-45CE-9599-967C57C66FA0}.Release|x64.Build.0 = Release|x64
		{501FE10A-7E7A-45CE-9599-967C57C66FA0}.Release|x64.Deploy.0 = Release|x64
		{501FE10A-7E7A-45CE-9599-967C57C66FA0}.Release|x86.ActiveCfg = Release|x86
		{501FE10A-7E7A-45CE-9599-967C57C66FA0}.Release|x86.Build.0 = Release|x86
		{501FE10A-7E7A-45CE-9599-967C57C66FA0}.Release|x86.Deploy.0 = Release|x86
	EndGlobalSection
	GlobalSection(SolutionProperties) = preSolution
		HideSolutionNode = FALSE
	EndGlobalSection
	GlobalSection(ExtensibilityGlobals) = postSolution
		SolutionGuid = {D73AD6A5-47E0-482B-AB09-4045A3FDC3B4}
	EndGlobalSection
EndGlobal
